
Microsoft Visual Studio Solution File, Format Version 12.00
# Visual Studio Version 16
VisualStudioVersion = 16.0.30517.126
MinimumVisualStudioVersion = 10.0.40219.1
Project("{FAE04EC0-301F-11D3-BF4B-00C04F79EFBC}") = "LeaveManagementSystem", "LeaveManagementSystem\LeaveManagementSystem.csproj", "{4D291690-F1DF-41F4-8444-19251B1012D2}"
EndProject
Project("{FAE04EC0-301F-11D3-BF4B-00C04F79EFBC}") = "LeaveManagementSystem.DomainModels", "LeaveManagementSystem.DomainModels\LeaveManagementSystem.DomainModels.csproj", "{5F20B094-0F0B-4B8B-A255-3AC004B8616C}"
EndProject
Project("{FAE04EC0-301F-11D3-BF4B-00C04F79EFBC}") = "LeaveManagementSystem.ViewModels", "LeaveManagementSystem.ViewModels\LeaveManagementSystem.ViewModels.csproj", "{3E034048-93B6-4D91-86E2-5F4CE4834D4E}"
EndProject
Project("{FAE04EC0-301F-11D3-BF4B-00C04F79EFBC}") = "LeaveManagementSystem.ServiceLayer", "LeaveManagementSystem.ServiceLayer\LeaveManagementSystem.ServiceLayer.csproj", "{EF117DC6-3F4F-4B90-8254-3758C0491BD1}"
EndProject
Project("{FAE04EC0-301F-11D3-BF4B-00C04F79EFBC}") = "LeaveManagementSystem.Repositories", "LeaveManagementSystem.Repositories\LeaveManagementSystem.Repositories.csproj", "{D4679B5F-0567-4B3B-B3C9-0D0C737F6476}"
EndProject
Global
	GlobalSection(SolutionConfigurationPlatforms) = preSolution
		Debug|Any CPU = Debug|Any CPU
		Release|Any CPU = Release|Any CPU
	EndGlobalSection
	GlobalSection(ProjectConfigurationPlatforms) = postSolution
		{4D291690-F1DF-41F4-8444-19251B1012D2}.Debug|Any CPU.ActiveCfg = Debug|Any CPU
		{4D291690-F1DF-41F4-8444-19251B1012D2}.Debug|Any CPU.Build.0 = Debug|Any CPU
		{4D291690-F1DF-41F4-8444-19251B1012D2}.Release|Any CPU.ActiveCfg = Release|Any CPU
		{4D291690-F1DF-41F4-8444-19251B1012D2}.Release|Any CPU.Build.0 = Release|Any CPU
		{5F20B094-0F0B-4B8B-A255-3AC004B8616C}.Debug|Any CPU.ActiveCfg = Debug|Any CPU
		{5F20B094-0F0B-4B8B-A255-3AC004B8616C}.Debug|Any CPU.Build.0 = Debug|Any CPU
		{5F20B094-0F0B-4B8B-A255-3AC004B8616C}.Release|Any CPU.ActiveCfg = Release|Any CPU
		{5F20B094-0F0B-4B8B-A255-3AC004B8616C}.Release|Any CPU.Build.0 = Release|Any CPU
		{3E034048-93B6-4D91-86E2-5F4CE4834D4E}.Debug|Any CPU.ActiveCfg = Debug|Any CPU
		{3E034048-93B6-4D91-86E2-5F4CE4834D4E}.Debug|Any CPU.Build.0 = Debug|Any CPU
		{3E034048-93B6-4D91-86E2-5F4CE4834D4E}.Release|Any CPU.ActiveCfg = Release|Any CPU
		{3E034048-93B6-4D91-86E2-5F4CE4834D4E}.Release|Any CPU.Build.0 = Release|Any CPU
		{EF117DC6-3F4F-4B90-8254-3758C0491BD1}.Debug|Any CPU.ActiveCfg = Debug|Any CPU
		{EF117DC6-3F4F-4B90-8254-3758C0491BD1}.Debug|Any CPU.Build.0 = Debug|Any CPU
		{EF117DC6-3F4F-4B90-8254-3758C0491BD1}.Release|Any CPU.ActiveCfg = Release|Any CPU
		{EF117DC6-3F4F-4B90-8254-3758C0491BD1}.Release|Any CPU.Build.0 = Release|Any CPU
		{D4679B5F-0567-4B3B-B3C9-0D0C737F6476}.Debug|Any CPU.ActiveCfg = Debug|Any CPU
		{D4679B5F-0567-4B3B-B3C9-0D0C737F6476}.Debug|Any CPU.Build.0 = Debug|Any CPU
		{D4679B5F-0567-4B3B-B3C9-0D0C737F6476}.Release|Any CPU.ActiveCfg = Release|Any CPU
		{D4679B5F-0567-4B3B-B3C9-0D0C737F6476}.Release|Any CPU.Build.0 = Release|Any CPU
	EndGlobalSection
	GlobalSection(SolutionProperties) = preSolution
		HideSolutionNode = FALSE
	EndGlobalSection
	GlobalSection(ExtensibilityGlobals) = postSolution
		SolutionGuid = {CC93F25E-0FA0-49D5-8C6E-8CF9DE339791}
	EndGlobalSection
EndGlobal
